<?xml version="1.0" encoding="utf-8"?>
<Project ToolsVersion="4.0" xmlns="http://schemas.microsoft.com/developer/msbuild/2003">
  <ItemGroup>
    <Filter Include="ソース ファイル">
      <UniqueIdentifier>{4FC737F1-C7A5-4376-A066-2A32D752A2FF}</UniqueIdentifier>
      <Extensions>cpp;c;cc;cxx;c++;cppm;ixx;def;odl;idl;hpj;bat;asm;asmx</Extensions>
    </Filter>
    <Filter Include="ヘッダー ファイル">
      <UniqueIdentifier>{93995380-89BD-4b04-88EB-625FBE52EBFB}</UniqueIdentifier>
      <Extensions>h;hh;hpp;hxx;h++;hm;inl;inc;ipp;xsd</Extensions>
    </Filter>
    <Filter Include="リソース ファイル">
      <UniqueIdentifier>{67DA6AB6-F800-4c08-8B7A-83BB121AAD01}</UniqueIdentifier>
      <Extensions>rc;ico;cur;bmp;dlg;rc2;rct;bin;rgs;gif;jpg;jpeg;jpe;resx;tiff;tif;png;wav;mfcribbon-ms</Extensions>
    </Filter>
    <Filter Include="ヘッダー ファイル\EnemyState">
      <UniqueIdentifier>{7d923877-c3e7-4426-a263-ed5f14c00960}</UniqueIdentifier>
    </Filter>
    <Filter Include="ソース ファイル\EnemyState">
      <UniqueIdentifier>{f17431bd-fd74-4aca-a0cf-458262125135}</UniqueIdentifier>
    </Filter>
    <Filter Include="ソース ファイル\シーン管理">
      <UniqueIdentifier>{01275ee3-ec8c-491d-8267-4262608b5db6}</UniqueIdentifier>
    </Filter>
    <Filter Include="ヘッダー ファイル\シーンフォルダ">
      <UniqueIdentifier>{a4eb8748-8bc7-4ebf-9018-3e91f815dcc2}</UniqueIdentifier>
    </Filter>
    <Filter Include="ヘッダー ファイル\ゲームオブジェクト">
      <UniqueIdentifier>{2b667d24-fbd1-4949-b2a5-0bfc80f628bc}</UniqueIdentifier>
    </Filter>
    <Filter Include="ヘッダー ファイル\ゲームオブジェクト\2Dフォルダ">
      <UniqueIdentifier>{71689f3f-4dac-4162-a917-fb167970e3e8}</UniqueIdentifier>
    </Filter>
    <Filter Include="ソース ファイル\ゲームオブジェクト">
      <UniqueIdentifier>{4e5f13f5-0702-47e0-b2df-ad89d61bfb6b}</UniqueIdentifier>
    </Filter>
    <Filter Include="ソース ファイル\ゲームオブジェクト\2Dフォルダ">
      <UniqueIdentifier>{bbbd22f4-f29f-43fd-bfc9-784be0ce2bb0}</UniqueIdentifier>
    </Filter>
    <Filter Include="ソース ファイル\KeeperState">
      <UniqueIdentifier>{938d727b-cb7d-407e-83d8-c82e2577b828}</UniqueIdentifier>
    </Filter>
    <Filter Include="ヘッダー ファイル\KeeperState">
      <UniqueIdentifier>{6274d77c-5979-4efc-81dd-67c843e17879}</UniqueIdentifier>
    </Filter>
    <Filter Include="ソース ファイル\imgui">
      <UniqueIdentifier>{98572cc3-9f50-41a4-8188-a2cfcb658c2c}</UniqueIdentifier>
    </Filter>
    <Filter Include="ヘッダー ファイル\EnemyState\ballhojistate">
      <UniqueIdentifier>{a23c514a-f1f2-4490-a7f9-9410092fffe7}</UniqueIdentifier>
    </Filter>
    <Filter Include="ソース ファイル\EnemyState\ballhojistate">
      <UniqueIdentifier>{716a2932-664b-4844-99bc-cb01f46d7d15}</UniqueIdentifier>
    </Filter>
    <Filter Include="ソース ファイル\EnemyState\BallNotHaveState">
      <UniqueIdentifier>{c13bff8b-6f4c-42a2-9b5d-bd866624b9fb}</UniqueIdentifier>
    </Filter>
    <Filter Include="ヘッダー ファイル\EnemyState\BallNotHaveState">
      <UniqueIdentifier>{51c07e0d-9349-4434-95e8-7a232bdbf103}</UniqueIdentifier>
    </Filter>
    <Filter Include="ソース ファイル\コマンドファイル">
      <UniqueIdentifier>{7bc466fb-7b65-4667-a7b3-a6e089346ff3}</UniqueIdentifier>
    </Filter>
    <Filter Include="ヘッダー ファイル\コマンドファイル">
      <UniqueIdentifier>{8951b4f0-a2c3-4e82-a13f-b8a0d2fe382a}</UniqueIdentifier>
    </Filter>
  </ItemGroup>
  <ItemGroup>
    <ClCompile Include="renderer.cpp">
      <Filter>ソース ファイル</Filter>
    </ClCompile>
    <ClCompile Include="model.cpp">
      <Filter>ソース ファイル</Filter>
    </ClCompile>
    <ClCompile Include="input.cpp">
      <Filter>ソース ファイル</Filter>
    </ClCompile>
    <ClCompile Include="AnimationModel.cpp">
      <Filter>ソース ファイル</Filter>
    </ClCompile>
    <ClCompile Include="manager.cpp">
      <Filter>ソース ファイル\シーン管理</Filter>
    </ClCompile>
    <ClCompile Include="main.cpp">
      <Filter>ソース ファイル\シーン管理</Filter>
    </ClCompile>
    <ClCompile Include="title.cpp">
      <Filter>ソース ファイル\シーン管理</Filter>
    </ClCompile>
    <ClCompile Include="camera.cpp">
      <Filter>ソース ファイル\ゲームオブジェクト</Filter>
    </ClCompile>
    <ClCompile Include="enemy.cpp">
      <Filter>ソース ファイル\ゲームオブジェクト</Filter>
    </ClCompile>
    <ClCompile Include="field.cpp">
      <Filter>ソース ファイル\ゲームオブジェクト</Filter>
    </ClCompile>
    <ClCompile Include="football.cpp">
      <Filter>ソース ファイル\ゲームオブジェクト</Filter>
    </ClCompile>
    <ClCompile Include="goal.cpp">
      <Filter>ソース ファイル\ゲームオブジェクト</Filter>
    </ClCompile>
    <ClCompile Include="meshfield.cpp">
      <Filter>ソース ファイル\ゲームオブジェクト</Filter>
    </ClCompile>
    <ClCompile Include="player.cpp">
      <Filter>ソース ファイル\ゲームオブジェクト</Filter>
    </ClCompile>
    <ClCompile Include="skydome.cpp">
      <Filter>ソース ファイル\ゲームオブジェクト</Filter>
    </ClCompile>
    <ClCompile Include="polygon2D.cpp">
      <Filter>ソース ファイル\ゲームオブジェクト\2Dフォルダ</Filter>
    </ClCompile>
    <ClCompile Include="titlename.cpp">
      <Filter>ソース ファイル\ゲームオブジェクト\2Dフォルダ</Filter>
    </ClCompile>
    <ClCompile Include="pressspace.cpp">
      <Filter>ソース ファイル\ゲームオブジェクト\2Dフォルダ</Filter>
    </ClCompile>
    <ClCompile Include="titlebg.cpp">
      <Filter>ソース ファイル\ゲームオブジェクト\2Dフォルダ</Filter>
    </ClCompile>
    <ClCompile Include="game.cpp">
      <Filter>ソース ファイル\シーン管理</Filter>
    </ClCompile>
    <ClCompile Include="goal2D.cpp">
      <Filter>ソース ファイル\ゲームオブジェクト\2Dフォルダ</Filter>
    </ClCompile>
    <ClCompile Include="controlui.cpp">
      <Filter>ソース ファイル\ゲームオブジェクト\2Dフォルダ</Filter>
    </ClCompile>
    <ClCompile Include="gaugeback.cpp">
      <Filter>ソース ファイル\ゲームオブジェクト\2Dフォルダ</Filter>
    </ClCompile>
    <ClCompile Include="gaugered.cpp">
      <Filter>ソース ファイル\ゲームオブジェクト\2Dフォルダ</Filter>
    </ClCompile>
    <ClCompile Include="goalkeeper.cpp">
      <Filter>ソース ファイル\ゲームオブジェクト</Filter>
    </ClCompile>
    <ClCompile Include="keeperstate.cpp">
      <Filter>ソース ファイル\KeeperState</Filter>
    </ClCompile>
    <ClCompile Include="keeperstaystate.cpp">
      <Filter>ソース ファイル\KeeperState</Filter>
    </ClCompile>
    <ClCompile Include="keeperpreparestate.cpp">
      <Filter>ソース ファイル\KeeperState</Filter>
    </ClCompile>
    <ClCompile Include="audio.cpp">
      <Filter>ソース ファイル\ゲームオブジェクト</Filter>
    </ClCompile>
    <ClCompile Include="transition.cpp">
      <Filter>ソース ファイル\シーン管理</Filter>
    </ClCompile>
    <ClCompile Include="keepercatchstate.cpp">
      <Filter>ソース ファイル\KeeperState</Filter>
    </ClCompile>
    <ClCompile Include="imgui\imgui.cpp">
      <Filter>ソース ファイル\imgui</Filter>
    </ClCompile>
    <ClCompile Include="imgui\imgui_demo.cpp">
      <Filter>ソース ファイル\imgui</Filter>
    </ClCompile>
    <ClCompile Include="imgui\imgui_draw.cpp">
      <Filter>ソース ファイル\imgui</Filter>
    </ClCompile>
    <ClCompile Include="imgui\imgui_impl_dx11.cpp">
      <Filter>ソース ファイル\imgui</Filter>
    </ClCompile>
    <ClCompile Include="imgui\imgui_tables.cpp">
      <Filter>ソース ファイル\imgui</Filter>
    </ClCompile>
    <ClCompile Include="imgui\imgui_widgets.cpp">
      <Filter>ソース ファイル\imgui</Filter>
    </ClCompile>
    <ClCompile Include="imgui\imgui_impl_win32.cpp">
      <Filter>ソース ファイル\imgui</Filter>
    </ClCompile>
    <ClCompile Include="studiam.cpp">
      <Filter>ソース ファイル\ゲームオブジェクト</Filter>
    </ClCompile>
    <ClCompile Include="particle.cpp">
      <Filter>ソース ファイル\ゲームオブジェクト\2Dフォルダ</Filter>
    </ClCompile>
    <ClCompile Include="texture.cpp">
      <Filter>ソース ファイル</Filter>
    </ClCompile>
    <ClCompile Include="score.cpp">
      <Filter>ソース ファイル\ゲームオブジェクト\2Dフォルダ</Filter>
    </ClCompile>
    <ClCompile Include="result.cpp">
      <Filter>ソース ファイル\シーン管理</Filter>
    </ClCompile>
    <ClCompile Include="resultbg.cpp">
      <Filter>ソース ファイル\ゲームオブジェクト\2Dフォルダ</Filter>
    </ClCompile>
    <ClCompile Include="tutorial.cpp">
      <Filter>ソース ファイル\シーン管理</Filter>
    </ClCompile>
    <ClCompile Include="human.cpp">
      <Filter>ソース ファイル\ゲームオブジェクト\2Dフォルダ</Filter>
    </ClCompile>
    <ClCompile Include="titlesecond.cpp">
      <Filter>ソース ファイル\シーン管理</Filter>
    </ClCompile>
    <ClCompile Include="discoverstate.cpp">
      <Filter>ソース ファイル\EnemyState\ballhojistate</Filter>
    </ClCompile>
    <ClCompile Include="doState.cpp">
      <Filter>ソース ファイル\EnemyState\ballhojistate</Filter>
    </ClCompile>
    <ClCompile Include="monitoringstate.cpp">
      <Filter>ソース ファイル\EnemyState\ballhojistate</Filter>
    </ClCompile>
    <ClCompile Include="slidingState.cpp">
      <Filter>ソース ファイル\EnemyState\ballhojistate</Filter>
    </ClCompile>
    <ClCompile Include="waitState.cpp">
      <Filter>ソース ファイル\EnemyState\ballhojistate</Filter>
    </ClCompile>
    <ClCompile Include="state.cpp">
      <Filter>ソース ファイル\EnemyState\ballhojistate</Filter>
    </ClCompile>
    <ClCompile Include="aroundstate.cpp">
      <Filter>ソース ファイル\EnemyState\ballhojistate</Filter>
    </ClCompile>
    <ClCompile Include="BallHaveState.cpp">
      <Filter>ソース ファイル\EnemyState\BallNotHaveState</Filter>
    </ClCompile>
    <ClCompile Include="BallNotWaitState.cpp">
      <Filter>ソース ファイル\EnemyState\BallNotHaveState</Filter>
    </ClCompile>
    <ClCompile Include="BallNotRandomState.cpp">
      <Filter>ソース ファイル\EnemyState\BallNotHaveState</Filter>
    </ClCompile>
    <ClCompile Include="approachstate.cpp">
      <Filter>ソース ファイル\EnemyState\ballhojistate</Filter>
    </ClCompile>
    <ClCompile Include="BallNotHaveFirstState.cpp">
      <Filter>ソース ファイル\EnemyState\BallNotHaveState</Filter>
    </ClCompile>
    <ClCompile Include="FirstState.cpp">
      <Filter>ソース ファイル\EnemyState\ballhojistate</Filter>
    </ClCompile>
    <ClCompile Include="TackleState.cpp">
      <Filter>ソース ファイル\EnemyState\ballhojistate</Filter>
    </ClCompile>
    <ClCompile Include="InputHudler.cpp">
      <Filter>ソース ファイル\コマンドファイル</Filter>
    </ClCompile>
    <ClCompile Include="Command.cpp">
      <Filter>ソース ファイル\コマンドファイル</Filter>
    </ClCompile>
    <ClCompile Include="MoveCommand.cpp">
      <Filter>ソース ファイル\コマンドファイル</Filter>
    </ClCompile>
    <ClCompile Include="ShootCommand.cpp">
      <Filter>ソース ファイル\コマンドファイル</Filter>
    </ClCompile>
  </ItemGroup>
  <ItemGroup>
    <ClInclude Include="model.h">
      <Filter>ヘッダー ファイル</Filter>
    </ClInclude>
    <ClInclude Include="input.h">
      <Filter>ヘッダー ファイル</Filter>
    </ClInclude>
    <ClInclude Include="AnimationModel.h">
      <Filter>ヘッダー ファイル</Filter>
    </ClInclude>
    <ClInclude Include="cloth.h">
      <Filter>ヘッダー ファイル</Filter>
    </ClInclude>
    <ClInclude Include="scene.h">
      <Filter>ヘッダー ファイル\シーンフォルダ</Filter>
    </ClInclude>
    <ClInclude Include="renderer.h">
      <Filter>ヘッダー ファイル\シーンフォルダ</Filter>
    </ClInclude>
    <ClInclude Include="manager.h">
      <Filter>ヘッダー ファイル\シーンフォルダ</Filter>
    </ClInclude>
    <ClInclude Include="gameobject.h">
      <Filter>ヘッダー ファイル\シーンフォルダ</Filter>
    </ClInclude>
    <ClInclude Include="main.h">
      <Filter>ヘッダー ファイル\シーンフォルダ</Filter>
    </ClInclude>
    <ClInclude Include="camera.h">
      <Filter>ヘッダー ファイル\ゲームオブジェクト</Filter>
    </ClInclude>
    <ClInclude Include="enemy.h">
      <Filter>ヘッダー ファイル\ゲームオブジェクト</Filter>
    </ClInclude>
    <ClInclude Include="field.h">
      <Filter>ヘッダー ファイル\ゲームオブジェクト</Filter>
    </ClInclude>
    <ClInclude Include="football.h">
      <Filter>ヘッダー ファイル\ゲームオブジェクト</Filter>
    </ClInclude>
    <ClInclude Include="goal.h">
      <Filter>ヘッダー ファイル\ゲームオブジェクト</Filter>
    </ClInclude>
    <ClInclude Include="meshfield.h">
      <Filter>ヘッダー ファイル\ゲームオブジェクト</Filter>
    </ClInclude>
    <ClInclude Include="player.h">
      <Filter>ヘッダー ファイル\ゲームオブジェクト</Filter>
    </ClInclude>
    <ClInclude Include="skydome.h">
      <Filter>ヘッダー ファイル\ゲームオブジェクト</Filter>
    </ClInclude>
    <ClInclude Include="title.h">
      <Filter>ヘッダー ファイル\シーンフォルダ</Filter>
    </ClInclude>
    <ClInclude Include="titlename.h">
      <Filter>ヘッダー ファイル\ゲームオブジェクト\2Dフォルダ</Filter>
    </ClInclude>
    <ClInclude Include="polygon2D.h">
      <Filter>ヘッダー ファイル\ゲームオブジェクト\2Dフォルダ</Filter>
    </ClInclude>
    <ClInclude Include="pressspace.h">
      <Filter>ヘッダー ファイル\ゲームオブジェクト\2Dフォルダ</Filter>
    </ClInclude>
    <ClInclude Include="titlebg.h">
      <Filter>ヘッダー ファイル\ゲームオブジェクト\2Dフォルダ</Filter>
    </ClInclude>
    <ClInclude Include="game.h">
      <Filter>ヘッダー ファイル\シーンフォルダ</Filter>
    </ClInclude>
    <ClInclude Include="goal2D.h">
      <Filter>ヘッダー ファイル\ゲームオブジェクト\2Dフォルダ</Filter>
    </ClInclude>
    <ClInclude Include="gaugeback.h">
      <Filter>ヘッダー ファイル\ゲームオブジェクト\2Dフォルダ</Filter>
    </ClInclude>
    <ClInclude Include="controlui.h">
      <Filter>ヘッダー ファイル\ゲームオブジェクト\2Dフォルダ</Filter>
    </ClInclude>
    <ClInclude Include="gaugered.h">
      <Filter>ヘッダー ファイル\ゲームオブジェクト\2Dフォルダ</Filter>
    </ClInclude>
    <ClInclude Include="particle.h">
      <Filter>ヘッダー ファイル\ゲームオブジェクト\2Dフォルダ</Filter>
    </ClInclude>
    <ClInclude Include="goalkeeper.h">
      <Filter>ヘッダー ファイル\ゲームオブジェクト</Filter>
    </ClInclude>
    <ClInclude Include="keeperstate.h">
      <Filter>ヘッダー ファイル\KeeperState</Filter>
    </ClInclude>
    <ClInclude Include="keeperstaystate.h">
      <Filter>ヘッダー ファイル\KeeperState</Filter>
    </ClInclude>
    <ClInclude Include="keeperpreparestate.h">
      <Filter>ヘッダー ファイル\KeeperState</Filter>
    </ClInclude>
    <ClInclude Include="transition.h">
      <Filter>ヘッダー ファイル\シーンフォルダ</Filter>
    </ClInclude>
    <ClInclude Include="audio.h">
      <Filter>ヘッダー ファイル\ゲームオブジェクト</Filter>
    </ClInclude>
    <ClInclude Include="keepercatchstate.h">
      <Filter>ヘッダー ファイル\KeeperState</Filter>
    </ClInclude>
    <ClInclude Include="imgui\imconfig.h">
      <Filter>ソース ファイル\imgui</Filter>
    </ClInclude>
    <ClInclude Include="imgui\imgui.h">
      <Filter>ソース ファイル\imgui</Filter>
    </ClInclude>
    <ClInclude Include="imgui\imgui_impl_dx11.h">
      <Filter>ソース ファイル\imgui</Filter>
    </ClInclude>
    <ClInclude Include="imgui\imgui_internal.h">
      <Filter>ソース ファイル\imgui</Filter>
    </ClInclude>
    <ClInclude Include="imgui\imstb_rectpack.h">
      <Filter>ソース ファイル\imgui</Filter>
    </ClInclude>
    <ClInclude Include="imgui\imstb_textedit.h">
      <Filter>ソース ファイル\imgui</Filter>
    </ClInclude>
    <ClInclude Include="imgui\imstb_truetype.h">
      <Filter>ソース ファイル\imgui</Filter>
    </ClInclude>
    <ClInclude Include="imgui\imgui_impl_win32.h">
      <Filter>ソース ファイル\imgui</Filter>
    </ClInclude>
    <ClInclude Include="studiam.h">
      <Filter>ヘッダー ファイル\ゲームオブジェクト</Filter>
    </ClInclude>
    <ClInclude Include="effect.h">
      <Filter>ヘッダー ファイル</Filter>
    </ClInclude>
    <ClInclude Include="texture.h">
      <Filter>ヘッダー ファイル</Filter>
    </ClInclude>
    <ClInclude Include="score.h">
      <Filter>ヘッダー ファイル\ゲームオブジェクト\2Dフォルダ</Filter>
    </ClInclude>
    <ClInclude Include="result.h">
      <Filter>ヘッダー ファイル\シーンフォルダ</Filter>
    </ClInclude>
    <ClInclude Include="resultbg.h">
      <Filter>ヘッダー ファイル\ゲームオブジェクト\2Dフォルダ</Filter>
    </ClInclude>
    <ClInclude Include="tutorial.h">
      <Filter>ヘッダー ファイル\シーンフォルダ</Filter>
    </ClInclude>
    <ClInclude Include="human.h">
      <Filter>ヘッダー ファイル\ゲームオブジェクト\2Dフォルダ</Filter>
    </ClInclude>
    <ClInclude Include="titlesecond.h">
      <Filter>ヘッダー ファイル\シーンフォルダ</Filter>
    </ClInclude>
    <ClInclude Include="slidingState.h">
      <Filter>ヘッダー ファイル\EnemyState\ballhojistate</Filter>
    </ClInclude>
    <ClInclude Include="monitoringstate.h">
      <Filter>ヘッダー ファイル\EnemyState\ballhojistate</Filter>
    </ClInclude>
    <ClInclude Include="doState.h">
      <Filter>ヘッダー ファイル\EnemyState\ballhojistate</Filter>
    </ClInclude>
    <ClInclude Include="discoverstate.h">
      <Filter>ヘッダー ファイル\EnemyState\ballhojistate</Filter>
    </ClInclude>
    <ClInclude Include="approachstate.h">
      <Filter>ヘッダー ファイル\EnemyState\ballhojistate</Filter>
    </ClInclude>
    <ClInclude Include="aroundstate.h">
      <Filter>ヘッダー ファイル\EnemyState\ballhojistate</Filter>
    </ClInclude>
    <ClInclude Include="state.h">
      <Filter>ヘッダー ファイル\EnemyState\ballhojistate</Filter>
    </ClInclude>
    <ClInclude Include="waitState.h">
      <Filter>ヘッダー ファイル\EnemyState\ballhojistate</Filter>
    </ClInclude>
    <ClInclude Include="BallNotHaveState.h">
      <Filter>ヘッダー ファイル\EnemyState\BallNotHaveState</Filter>
    </ClInclude>
    <ClInclude Include="BallNotWaitState.h">
      <Filter>ヘッダー ファイル\EnemyState\BallNotHaveState</Filter>
    </ClInclude>
    <ClInclude Include="BallNotRandomState.h">
      <Filter>ヘッダー ファイル\EnemyState\BallNotHaveState</Filter>
    </ClInclude>
    <ClInclude Include="BallNotHaveFirstState.h">
      <Filter>ヘッダー ファイル\EnemyState\BallNotHaveState</Filter>
    </ClInclude>
    <ClInclude Include="FirstState.h">
      <Filter>ヘッダー ファイル\EnemyState\ballhojistate</Filter>
    </ClInclude>
    <ClInclude Include="TackleState.h">
      <Filter>ヘッダー ファイル\EnemyState\ballhojistate</Filter>
    </ClInclude>
    <ClInclude Include="Command.h">
      <Filter>ヘッダー ファイル\コマンドファイル</Filter>
    </ClInclude>
    <ClInclude Include="InputHudler.h">
      <Filter>ヘッダー ファイル\コマンドファイル</Filter>
    </ClInclude>
    <ClInclude Include="MoveCommand.h">
      <Filter>ヘッダー ファイル\コマンドファイル</Filter>
    </ClInclude>
    <ClInclude Include="ShootCommand.h">
      <Filter>ヘッダー ファイル\コマンドファイル</Filter>
    </ClInclude>
  </ItemGroup>
  <ItemGroup>
    <FxCompile Include="unlitTexturePS.hlsl" />
    <FxCompile Include="unlitTextureVS.hlsl" />
    <FxCompile Include="vertexLightingPS.hlsl" />
    <FxCompile Include="vertexLightingVS.hlsl" />
    <FxCompile Include="common.hlsl" />
    <FxCompile Include="pixelLightingPS.hlsl">
      <Filter>リソース ファイル</Filter>
    </FxCompile>
    <FxCompile Include="pixelLightingVS.hlsl">
      <Filter>リソース ファイル</Filter>
    </FxCompile>
    <FxCompile Include="DepthShadowMappingPS.hlsl">
      <Filter>リソース ファイル</Filter>
    </FxCompile>
    <FxCompile Include="DepthShadowMappingVS.hlsl">
      <Filter>リソース ファイル</Filter>
    </FxCompile>
    <FxCompile Include="BlackShadowPS.hlsl">
      <Filter>リソース ファイル</Filter>
    </FxCompile>
    <FxCompile Include="BlackShadowVS.hlsl">
      <Filter>リソース ファイル</Filter>
    </FxCompile>
  </ItemGroup>
</Project>